
Microsoft Visual Studio Solution File, Format Version 12.00
# Visual Studio Version 17
VisualStudioVersion = 17.14.36109.1 d17.14
MinimumVisualStudioVersion = 10.0.40219.1
Project("{FAE04EC0-301F-11D3-BF4B-00C04F79EFBC}") = "Jobhunt", "Jobhunt\Jobhunt.csproj", "{272236F5-C56F-4980-8515-C7809758480D}"
EndProject
Global
	GlobalSection(SolutionConfigurationPlatforms) = preSolution
		Debug|Any CPU = Debug|Any CPU
		Release|Any CPU = Release|Any CPU
	EndGlobalSection
	GlobalSection(ProjectConfigurationPlatforms) = postSolution
		{272236F5-C56F-4980-8515-C7809758480D}.Debug|Any CPU.ActiveCfg = Debug|Any CPU
		{272236F5-C56F-4980-8515-C7809758480D}.Debug|Any CPU.Build.0 = Debug|Any CPU
		{272236F5-C56F-4980-8515-C7809758480D}.Release|Any CPU.ActiveCfg = Release|Any CPU
		{272236F5-C56F-4980-8515-C7809758480D}.Release|Any CPU.Build.0 = Release|Any CPU
	EndGlobalSection
	GlobalSection(SolutionProperties) = preSolution
		HideSolutionNode = FALSE
	EndGlobalSection
	GlobalSection(ExtensibilityGlobals) = postSolution
		SolutionGuid = {9C1991EB-518A-47AF-856B-1B1FD58B0F2C}
	EndGlobalSection
EndGlobal
